
Microsoft Visual Studio Solution File, Format Version 12.00
# Visual Studio Version 17
VisualStudioVersion = 17.5.33502.453
MinimumVisualStudioVersion = 10.0.40219.1
Project("{9A19103F-16F7-4668-BE54-9A1E7A4F7556}") = "SmsAPI", "SmsAPI\SmsAPI.csproj", "{599CE4A0-0BFA-40F8-AF05-2204E2F5F167}"
EndProject
Project("{FAE04EC0-301F-11D3-BF4B-00C04F79EFBC}") = "Sms", "Sms\Sms.csproj", "{8F4A035E-8378-4753-97C0-68B776BC4328}"
EndProject
Global
	GlobalSection(SolutionConfigurationPlatforms) = preSolution
		Debug|Any CPU = Debug|Any CPU
		Release|Any CPU = Release|Any CPU
	EndGlobalSection
	GlobalSection(ProjectConfigurationPlatforms) = postSolution
		{599CE4A0-0BFA-40F8-AF05-2204E2F5F167}.Debug|Any CPU.ActiveCfg = Debug|Any CPU
		{599CE4A0-0BFA-40F8-AF05-2204E2F5F167}.Debug|Any CPU.Build.0 = Debug|Any CPU
		{599CE4A0-0BFA-40F8-AF05-2204E2F5F167}.Release|Any CPU.ActiveCfg = Release|Any CPU
		{599CE4A0-0BFA-40F8-AF05-2204E2F5F167}.Release|Any CPU.Build.0 = Release|Any CPU
		{8F4A035E-8378-4753-97C0-68B776BC4328}.Debug|Any CPU.ActiveCfg = Debug|Any CPU
		{8F4A035E-8378-4753-97C0-68B776BC4328}.Debug|Any CPU.Build.0 = Debug|Any CPU
		{8F4A035E-8378-4753-97C0-68B776BC4328}.Release|Any CPU.ActiveCfg = Release|Any CPU
		{8F4A035E-8378-4753-97C0-68B776BC4328}.Release|Any CPU.Build.0 = Release|Any CPU
	EndGlobalSection
	GlobalSection(SolutionProperties) = preSolution
		HideSolutionNode = FALSE
	EndGlobalSection
	GlobalSection(ExtensibilityGlobals) = postSolution
		SolutionGuid = {5E46AD0F-F308-4FB2-AA31-54AC16A33F7E}
	EndGlobalSection
EndGlobal
